
Microsoft Visual Studio Solution File, Format Version 12.00
# Visual Studio Version 17
VisualStudioVersion = 17.14.36301.6
MinimumVisualStudioVersion = 10.0.40219.1
Project("{FAE04EC0-301F-11D3-BF4B-00C04F79EFBC}") = "UncomplicatedSettingsFramework", "UncomplicatedSettingsFramework\UncomplicatedSettingsFramework.csproj", "{286BDD2F-0AE4-475A-8D39-8B7C82128244}"
EndProject
Global
	GlobalSection(SolutionConfigurationPlatforms) = preSolution
		Debug|Any CPU = Debug|Any CPU
		Release|Any CPU = Release|Any CPU
	EndGlobalSection
	GlobalSection(ProjectConfigurationPlatforms) = postSolution
		{286BDD2F-0AE4-475A-8D39-8B7C82128244}.Debug|Any CPU.ActiveCfg = LabApi|Any CPU
		{286BDD2F-0AE4-475A-8D39-8B7C82128244}.Debug|Any CPU.Build.0 = LabApi|Any CPU
		{286BDD2F-0AE4-475A-8D39-8B7C82128244}.Release|Any CPU.ActiveCfg = Release|Any CPU
		{286BDD2F-0AE4-475A-8D39-8B7C82128244}.Release|Any CPU.Build.0 = Release|Any CPU
	EndGlobalSection
	GlobalSection(SolutionProperties) = preSolution
		HideSolutionNode = FALSE
	EndGlobalSection
	GlobalSection(ExtensibilityGlobals) = postSolution
		SolutionGuid = {0BEE8BE4-B62C-4F88-B107-428B39958D19}
	EndGlobalSection
EndGlobal
